
Microsoft Visual Studio Solution File, Format Version 11.00
# Visual Studio 2010
Project("{FAE04EC0-301F-11D3-BF4B-00C04F79EFBC}") = "MvcBlog", "MvcBlog\MvcBlog.csproj", "{C56FD1FF-1DA3-412C-BC02-6B66EF871820}"
EndProject
Global
	GlobalSection(SolutionConfigurationPlatforms) = preSolution
		Debug|Any CPU = Debug|Any CPU
		Release|Any CPU = Release|Any CPU
	EndGlobalSection
	GlobalSection(ProjectConfigurationPlatforms) = postSolution
		{C56FD1FF-1DA3-412C-BC02-6B66EF871820}.Debug|Any CPU.ActiveCfg = Debug|Any CPU
		{C56FD1FF-1DA3-412C-BC02-6B66EF871820}.Debug|Any CPU.Build.0 = Debug|Any CPU
		{C56FD1FF-1DA3-412C-BC02-6B66EF871820}.Release|Any CPU.ActiveCfg = Release|Any CPU
		{C56FD1FF-1DA3-412C-BC02-6B66EF871820}.Release|Any CPU.Build.0 = Release|Any CPU
	EndGlobalSection
	GlobalSection(SolutionProperties) = preSolution
		HideSolutionNode = FALSE
	EndGlobalSection
EndGlobal
